
Microsoft Visual Studio Solution File, Format Version 12.00
# Visual Studio Version 16
VisualStudioVersion = 16.0.30011.22
MinimumVisualStudioVersion = 10.0.40219.1
Project("{FAE04EC0-301F-11D3-BF4B-00C04F79EFBC}") = "CostRegApp2", "CostRegApp2.csproj", "{8CAA66F8-E8A7-4337-BE72-20764BB84362}"
EndProject
Global
	GlobalSection(SolutionConfigurationPlatforms) = preSolution
		Debug|Any CPU = Debug|Any CPU
		Release|Any CPU = Release|Any CPU
	EndGlobalSection
	GlobalSection(ProjectConfigurationPlatforms) = postSolution
		{8CAA66F8-E8A7-4337-BE72-20764BB84362}.Debug|Any CPU.ActiveCfg = Debug|Any CPU
		{8CAA66F8-E8A7-4337-BE72-20764BB84362}.Debug|Any CPU.Build.0 = Debug|Any CPU
		{8CAA66F8-E8A7-4337-BE72-20764BB84362}.Release|Any CPU.ActiveCfg = Release|Any CPU
		{8CAA66F8-E8A7-4337-BE72-20764BB84362}.Release|Any CPU.Build.0 = Release|Any CPU
	EndGlobalSection
	GlobalSection(SolutionProperties) = preSolution
		HideSolutionNode = FALSE
	EndGlobalSection
	GlobalSection(ExtensibilityGlobals) = postSolution
		SolutionGuid = {FCEE6BAD-01E7-4B0C-9CB7-18D3D5547E68}
	EndGlobalSection
EndGlobal
